// !$*UTF8*$!
{
	archiveVersion = 1;
	classes = {
	};
	objectVersion = 46;
	objects = {

/* Begin PBXBuildFile section */
		171B60541E9765BF00F7A6CE /* AFNetworingManager.m in Sources */ = {isa = PBXBuildFile; fileRef = 171B60531E9765BF00F7A6CE /* AFNetworingManager.m */; };
		171B60EE1E97866500F7A6CE /* AFHTTPSessionManager.m in Sources */ = {isa = PBXBuildFile; fileRef = 171B60AF1E97866500F7A6CE /* AFHTTPSessionManager.m */; };
		171B60EF1E97866500F7A6CE /* AFNetworkReachabilityManager.m in Sources */ = {isa = PBXBuildFile; fileRef = 171B60B21E97866500F7A6CE /* AFNetworkReachabilityManager.m */; };
		171B60F01E97866500F7A6CE /* AFSecurityPolicy.m in Sources */ = {isa = PBXBuildFile; fileRef = 171B60B41E97866500F7A6CE /* AFSecurityPolicy.m */; };
		171B60F11E97866500F7A6CE /* AFURLRequestSerialization.m in Sources */ = {isa = PBXBuildFile; fileRef = 171B60B61E97866500F7A6CE /* AFURLRequestSerialization.m */; };
		171B60F21E97866500F7A6CE /* AFURLResponseSerialization.m in Sources */ = {isa = PBXBuildFile; fileRef = 171B60B81E97866500F7A6CE /* AFURLResponseSerialization.m */; };
		171B60F31E97866500F7A6CE /* AFURLSessionManager.m in Sources */ = {isa = PBXBuildFile; fileRef = 171B60BA1E97866500F7A6CE /* AFURLSessionManager.m */; };
		171B60F41E97866500F7A6CE /* AFAutoPurgingImageCache.m in Sources */ = {isa = PBXBuildFile; fileRef = 171B60BD1E97866500F7A6CE /* AFAutoPurgingImageCache.m */; };
		171B60F51E97866500F7A6CE /* AFImageDownloader.m in Sources */ = {isa = PBXBuildFile; fileRef = 171B60BF1E97866500F7A6CE /* AFImageDownloader.m */; };
		171B60F61E97866500F7A6CE /* AFNetworkActivityIndicatorManager.m in Sources */ = {isa = PBXBuildFile; fileRef = 171B60C11E97866500F7A6CE /* AFNetworkActivityIndicatorManager.m */; };
		171B60F71E97866500F7A6CE /* UIActivityIndicatorView+AFNetworking.m in Sources */ = {isa = PBXBuildFile; fileRef = 171B60C31E97866500F7A6CE /* UIActivityIndicatorView+AFNetworking.m */; };
		171B60F81E97866500F7A6CE /* UIButton+AFNetworking.m in Sources */ = {isa = PBXBuildFile; fileRef = 171B60C51E97866500F7A6CE /* UIButton+AFNetworking.m */; };
		171B60F91E97866500F7A6CE /* UIImageView+AFNetworking.m in Sources */ = {isa = PBXBuildFile; fileRef = 171B60C81E97866500F7A6CE /* UIImageView+AFNetworking.m */; };
		171B60FA1E97866500F7A6CE /* UIProgressView+AFNetworking.m in Sources */ = {isa = PBXBuildFile; fileRef = 171B60CB1E97866500F7A6CE /* UIProgressView+AFNetworking.m */; };
		171B60FB1E97866500F7A6CE /* UIRefreshControl+AFNetworking.m in Sources */ = {isa = PBXBuildFile; fileRef = 171B60CD1E97866500F7A6CE /* UIRefreshControl+AFNetworking.m */; };
		171B60FC1E97866500F7A6CE /* UIWebView+AFNetworking.m in Sources */ = {isa = PBXBuildFile; fileRef = 171B60CF1E97866500F7A6CE /* UIWebView+AFNetworking.m */; };
		171B60FD1E97866500F7A6CE /* LocalConnection.m in Sources */ = {isa = PBXBuildFile; fileRef = 171B60D31E97866500F7A6CE /* LocalConnection.m */; };
		171B60FE1E97866500F7A6CE /* FSMEngine.m in Sources */ = {isa = PBXBuildFile; fileRef = 171B60D71E97866500F7A6CE /* FSMEngine.m */; };
		171B60FF1E97866500F7A6CE /* FSMStateUtil.m in Sources */ = {isa = PBXBuildFile; fileRef = 171B60D91E97866500F7A6CE /* FSMStateUtil.m */; };
		171B61001E97866500F7A6CE /* ReachState.m in Sources */ = {isa = PBXBuildFile; fileRef = 171B60DB1E97866500F7A6CE /* ReachState.m */; };
		171B61011E97866500F7A6CE /* ReachStateLoading.m in Sources */ = {isa = PBXBuildFile; fileRef = 171B60DD1E97866500F7A6CE /* ReachStateLoading.m */; };
		171B61021E97866500F7A6CE /* ReachStateUnloaded.m in Sources */ = {isa = PBXBuildFile; fileRef = 171B60DF1E97866500F7A6CE /* ReachStateUnloaded.m */; };
		171B61031E97866500F7A6CE /* ReachStateUnReachable.m in Sources */ = {isa = PBXBuildFile; fileRef = 171B60E11E97866500F7A6CE /* ReachStateUnReachable.m */; };
		171B61041E97866500F7A6CE /* ReachStateWIFI.m in Sources */ = {isa = PBXBuildFile; fileRef = 171B60E31E97866500F7A6CE /* ReachStateWIFI.m */; };
		171B61051E97866500F7A6CE /* ReachStateWWAN.m in Sources */ = {isa = PBXBuildFile; fileRef = 171B60E51E97866500F7A6CE /* ReachStateWWAN.m */; };
		171B61061E97866500F7A6CE /* Info.plist in Resources */ = {isa = PBXBuildFile; fileRef = 171B60E61E97866500F7A6CE /* Info.plist */; };
		171B61071E97866500F7A6CE /* PingFoundation.m in Sources */ = {isa = PBXBuildFile; fileRef = 171B60E91E97866500F7A6CE /* PingFoundation.m */; };
		171B61081E97866500F7A6CE /* PingHelper.m in Sources */ = {isa = PBXBuildFile; fileRef = 171B60EB1E97866500F7A6CE /* PingHelper.m */; };
		171B61091E97866500F7A6CE /* RealReachability.m in Sources */ = {isa = PBXBuildFile; fileRef = 171B60ED1E97866500F7A6CE /* RealReachability.m */; };
		171B61221E97867800F7A6CE /* MASCompositeConstraint.m in Sources */ = {isa = PBXBuildFile; fileRef = 171B610C1E97867800F7A6CE /* MASCompositeConstraint.m */; };
		171B61231E97867800F7A6CE /* MASConstraint.m in Sources */ = {isa = PBXBuildFile; fileRef = 171B610F1E97867800F7A6CE /* MASConstraint.m */; };
		171B61241E97867800F7A6CE /* MASConstraintMaker.m in Sources */ = {isa = PBXBuildFile; fileRef = 171B61111E97867800F7A6CE /* MASConstraintMaker.m */; };
		171B61251E97867800F7A6CE /* MASLayoutConstraint.m in Sources */ = {isa = PBXBuildFile; fileRef = 171B61131E97867800F7A6CE /* MASLayoutConstraint.m */; };
		171B61261E97867800F7A6CE /* MASViewAttribute.m in Sources */ = {isa = PBXBuildFile; fileRef = 171B61171E97867800F7A6CE /* MASViewAttribute.m */; };
		171B61271E97867800F7A6CE /* MASViewConstraint.m in Sources */ = {isa = PBXBuildFile; fileRef = 171B61191E97867800F7A6CE /* MASViewConstraint.m */; };
		171B61281E97867800F7A6CE /* NSArray+MASAdditions.m in Sources */ = {isa = PBXBuildFile; fileRef = 171B611B1E97867800F7A6CE /* NSArray+MASAdditions.m */; };
		171B61291E97867800F7A6CE /* NSLayoutConstraint+MASDebugAdditions.m in Sources */ = {isa = PBXBuildFile; fileRef = 171B611E1E97867800F7A6CE /* NSLayoutConstraint+MASDebugAdditions.m */; };
		171B612A1E97867800F7A6CE /* View+MASAdditions.m in Sources */ = {isa = PBXBuildFile; fileRef = 171B61201E97867800F7A6CE /* View+MASAdditions.m */; };
		171B61361E978CFA00F7A6CE /* MKButton.m in Sources */ = {isa = PBXBuildFile; fileRef = 171B612F1E978CFA00F7A6CE /* MKButton.m */; };
		171B61371E978CFA00F7A6CE /* HXSearchBar.m in Sources */ = {isa = PBXBuildFile; fileRef = 171B61321E978CFA00F7A6CE /* HXSearchBar.m */; };
		171B61381E978CFA00F7A6CE /* SearchHistoryManager.m in Sources */ = {isa = PBXBuildFile; fileRef = 171B61351E978CFA00F7A6CE /* SearchHistoryManager.m */; };
		171B613C1E978D2300F7A6CE /* MKCode.m in Sources */ = {isa = PBXBuildFile; fileRef = 171B613B1E978D2300F7A6CE /* MKCode.m */; };
		171B61661E97917600F7A6CE /* AbsNetworking.m in Sources */ = {isa = PBXBuildFile; fileRef = 171B61591E97917600F7A6CE /* AbsNetworking.m */; };
		171B61671E97917600F7A6CE /* AbsNetworkingIndicator.m in Sources */ = {isa = PBXBuildFile; fileRef = 171B615B1E97917600F7A6CE /* AbsNetworkingIndicator.m */; };
		171B61681E97917600F7A6CE /* AbsRequestParameterSerializer.m in Sources */ = {isa = PBXBuildFile; fileRef = 171B615D1E97917600F7A6CE /* AbsRequestParameterSerializer.m */; };
		171B61691E97917600F7A6CE /* AbsResponseDataSerializer.m in Sources */ = {isa = PBXBuildFile; fileRef = 171B615F1E97917600F7A6CE /* AbsResponseDataSerializer.m */; };
		171B616A1E97917600F7A6CE /* RequestBodyType.m in Sources */ = {isa = PBXBuildFile; fileRef = 171B61611E97917600F7A6CE /* RequestBodyType.m */; };
		171B616B1E97917600F7A6CE /* RequestMethodType.m in Sources */ = {isa = PBXBuildFile; fileRef = 171B61631E97917600F7A6CE /* RequestMethodType.m */; };
		171B616C1E97917600F7A6CE /* ResponseDataType.m in Sources */ = {isa = PBXBuildFile; fileRef = 171B61651E97917600F7A6CE /* ResponseDataType.m */; };
		171B61721E9791B000F7A6CE /* Networking.m in Sources */ = {isa = PBXBuildFile; fileRef = 171B616F1E9791B000F7A6CE /* Networking.m */; };
		171B61731E9791B000F7A6CE /* NetworkingIndicator.m in Sources */ = {isa = PBXBuildFile; fileRef = 171B61711E9791B000F7A6CE /* NetworkingIndicator.m */; };
		17698F181E97270C002C273B /* favor@3x.png in Resources */ = {isa = PBXBuildFile; fileRef = 17698F171E97270C002C273B /* favor@3x.png */; };
		177248C01E9B82650077B649 /* XMLDictionary.m in Sources */ = {isa = PBXBuildFile; fileRef = 177248BF1E9B82650077B649 /* XMLDictionary.m */; };
		177248E31E9B826C0077B649 /* MKAnnotationView+WebCache.m in Sources */ = {isa = PBXBuildFile; fileRef = 177248C31E9B826C0077B649 /* MKAnnotationView+WebCache.m */; };
		177248E41E9B826C0077B649 /* NSData+ImageContentType.m in Sources */ = {isa = PBXBuildFile; fileRef = 177248C51E9B826C0077B649 /* NSData+ImageContentType.m */; };
		177248E51E9B826C0077B649 /* SDImageCache.m in Sources */ = {isa = PBXBuildFile; fileRef = 177248C71E9B826C0077B649 /* SDImageCache.m */; };
		177248E61E9B826C0077B649 /* SDWebImageCompat.m in Sources */ = {isa = PBXBuildFile; fileRef = 177248C91E9B826C0077B649 /* SDWebImageCompat.m */; };
		177248E71E9B826C0077B649 /* SDWebImageDecoder.m in Sources */ = {isa = PBXBuildFile; fileRef = 177248CB1E9B826C0077B649 /* SDWebImageDecoder.m */; };
		177248E81E9B826C0077B649 /* SDWebImageDownloader.m in Sources */ = {isa = PBXBuildFile; fileRef = 177248CD1E9B826C0077B649 /* SDWebImageDownloader.m */; };
		177248E91E9B826C0077B649 /* SDWebImageDownloaderOperation.m in Sources */ = {isa = PBXBuildFile; fileRef = 177248CF1E9B826C0077B649 /* SDWebImageDownloaderOperation.m */; };
		177248EA1E9B826C0077B649 /* SDWebImageManager.m in Sources */ = {isa = PBXBuildFile; fileRef = 177248D11E9B826C0077B649 /* SDWebImageManager.m */; };
		177248EB1E9B826C0077B649 /* SDWebImagePrefetcher.m in Sources */ = {isa = PBXBuildFile; fileRef = 177248D41E9B826C0077B649 /* SDWebImagePrefetcher.m */; };
		177248EC1E9B826C0077B649 /* UIButton+WebCache.m in Sources */ = {isa = PBXBuildFile; fileRef = 177248D61E9B826C0077B649 /* UIButton+WebCache.m */; };
		177248ED1E9B826C0077B649 /* UIImage+GIF.m in Sources */ = {isa = PBXBuildFile; fileRef = 177248D81E9B826C0077B649 /* UIImage+GIF.m */; };
		177248EE1E9B826C0077B649 /* UIImage+MultiFormat.m in Sources */ = {isa = PBXBuildFile; fileRef = 177248DA1E9B826C0077B649 /* UIImage+MultiFormat.m */; };
		177248EF1E9B826C0077B649 /* UIImage+WebP.m in Sources */ = {isa = PBXBuildFile; fileRef = 177248DC1E9B826C0077B649 /* UIImage+WebP.m */; };
		177248F01E9B826C0077B649 /* UIImageView+HighlightedWebCache.m in Sources */ = {isa = PBXBuildFile; fileRef = 177248DE1E9B826C0077B649 /* UIImageView+HighlightedWebCache.m */; };
		177248F11E9B826C0077B649 /* UIImageView+WebCache.m in Sources */ = {isa = PBXBuildFile; fileRef = 177248E01E9B826C0077B649 /* UIImageView+WebCache.m */; };
		177248F21E9B826C0077B649 /* UIView+WebCacheOperation.m in Sources */ = {isa = PBXBuildFile; fileRef = 177248E21E9B826C0077B649 /* UIView+WebCacheOperation.m */; };
		177446671E9C63D40079E5EE /* XMLSerializer.m in Sources */ = {isa = PBXBuildFile; fileRef = 177446661E9C63D40079E5EE /* XMLSerializer.m */; };
		1774466A1E9C64960079E5EE /* XMLRootModel.m in Sources */ = {isa = PBXBuildFile; fileRef = 177446691E9C64960079E5EE /* XMLRootModel.m */; };
		1774466D1E9C66D70079E5EE /* JSONSerializer.m in Sources */ = {isa = PBXBuildFile; fileRef = 1774466C1E9C66D70079E5EE /* JSONSerializer.m */; };
		177446701E9C670D0079E5EE /* JSONRootModel.m in Sources */ = {isa = PBXBuildFile; fileRef = 1774466F1E9C670D0079E5EE /* JSONRootModel.m */; };
		17799ABD1E81117B001F8D77 /* SignInViewController.m in Sources */ = {isa = PBXBuildFile; fileRef = 17799ABC1E81117B001F8D77 /* SignInViewController.m */; };
		178E926E1E7A737800B0B61D /* main.m in Sources */ = {isa = PBXBuildFile; fileRef = 178E926D1E7A737800B0B61D /* main.m */; };
		178E92711E7A737800B0B61D /* AppDelegate.m in Sources */ = {isa = PBXBuildFile; fileRef = 178E92701E7A737800B0B61D /* AppDelegate.m */; };
		178E92741E7A737800B0B61D /* ViewController.m in Sources */ = {isa = PBXBuildFile; fileRef = 178E92731E7A737800B0B61D /* ViewController.m */; };
		178E92771E7A737800B0B61D /* Main.storyboard in Resources */ = {isa = PBXBuildFile; fileRef = 178E92751E7A737800B0B61D /* Main.storyboard */; };
		178E92791E7A737800B0B61D /* Assets.xcassets in Resources */ = {isa = PBXBuildFile; fileRef = 178E92781E7A737800B0B61D /* Assets.xcassets */; };
		178E927C1E7A737800B0B61D /* LaunchScreen.storyboard in Resources */ = {isa = PBXBuildFile; fileRef = 178E927A1E7A737800B0B61D /* LaunchScreen.storyboard */; };
/* End PBXBuildFile section */

/* Begin PBXFileReference section */
		171B60521E9765BF00F7A6CE /* AFNetworingManager.h */ = {isa = PBXFileReference; fileEncoding = 4; lastKnownFileType = sourcecode.c.h; path = AFNetworingManager.h; sourceTree = "<group>"; };
		171B60531E9765BF00F7A6CE /* AFNetworingManager.m */ = {isa = PBXFileReference; fileEncoding = 4; lastKnownFileType = sourcecode.c.objc; path = AFNetworingManager.m; sourceTree = "<group>"; };
		171B60AE1E97866500F7A6CE /* AFHTTPSessionManager.h */ = {isa = PBXFileReference; fileEncoding = 4; lastKnownFileType = sourcecode.c.h; path = AFHTTPSessionManager.h; sourceTree = "<group>"; };
		171B60AF1E97866500F7A6CE /* AFHTTPSessionManager.m */ = {isa = PBXFileReference; fileEncoding = 4; lastKnownFileType = sourcecode.c.objc; path = AFHTTPSessionManager.m; sourceTree = "<group>"; };
		171B60B01E97866500F7A6CE /* AFNetworking.h */ = {isa = PBXFileReference; fileEncoding = 4; lastKnownFileType = sourcecode.c.h; path = AFNetworking.h; sourceTree = "<group>"; };
		171B60B11E97866500F7A6CE /* AFNetworkReachabilityManager.h */ = {isa = PBXFileReference; fileEncoding = 4; lastKnownFileType = sourcecode.c.h; path = AFNetworkReachabilityManager.h; sourceTree = "<group>"; };
		171B60B21E97866500F7A6CE /* AFNetworkReachabilityManager.m */ = {isa = PBXFileReference; fileEncoding = 4; lastKnownFileType = sourcecode.c.objc; path = AFNetworkReachabilityManager.m; sourceTree = "<group>"; };
		171B60B31E97866500F7A6CE /* AFSecurityPolicy.h */ = {isa = PBXFileReference; fileEncoding = 4; lastKnownFileType = sourcecode.c.h; path = AFSecurityPolicy.h; sourceTree = "<group>"; };
		171B60B41E97866500F7A6CE /* AFSecurityPolicy.m */ = {isa = PBXFileReference; fileEncoding = 4; lastKnownFileType = sourcecode.c.objc; path = AFSecurityPolicy.m; sourceTree = "<group>"; };
		171B60B51E97866500F7A6CE /* AFURLRequestSerialization.h */ = {isa = PBXFileReference; fileEncoding = 4; lastKnownFileType = sourcecode.c.h; path = AFURLRequestSerialization.h; sourceTree = "<group>"; };
		171B60B61E97866500F7A6CE /* AFURLRequestSerialization.m */ = {isa = PBXFileReference; fileEncoding = 4; lastKnownFileType = sourcecode.c.objc; path = AFURLRequestSerialization.m; sourceTree = "<group>"; };
		171B60B71E97866500F7A6CE /* AFURLResponseSerialization.h */ = {isa = PBXFileReference; fileEncoding = 4; lastKnownFileType = sourcecode.c.h; path = AFURLResponseSerialization.h; sourceTree = "<group>"; };
		171B60B81E97866500F7A6CE /* AFURLResponseSerialization.m */ = {isa = PBXFileReference; fileEncoding = 4; lastKnownFileType = sourcecode.c.objc; path = AFURLResponseSerialization.m; sourceTree = "<group>"; };
		171B60B91E97866500F7A6CE /* AFURLSessionManager.h */ = {isa = PBXFileReference; fileEncoding = 4; lastKnownFileType = sourcecode.c.h; path = AFURLSessionManager.h; sourceTree = "<group>"; };
		171B60BA1E97866500F7A6CE /* AFURLSessionManager.m */ = {isa = PBXFileReference; fileEncoding = 4; lastKnownFileType = sourcecode.c.objc; path = AFURLSessionManager.m; sourceTree = "<group>"; };
		171B60BC1E97866500F7A6CE /* AFAutoPurgingImageCache.h */ = {isa = PBXFileReference; fileEncoding = 4; lastKnownFileType = sourcecode.c.h; path = AFAutoPurgingImageCache.h; sourceTree = "<group>"; };
		171B60BD1E97866500F7A6CE /* AFAutoPurgingImageCache.m */ = {isa = PBXFileReference; fileEncoding = 4; lastKnownFileType = sourcecode.c.objc; path = AFAutoPurgingImageCache.m; sourceTree = "<group>"; };
		171B60BE1E97866500F7A6CE /* AFImageDownloader.h */ = {isa = PBXFileReference; fileEncoding = 4; lastKnownFileType = sourcecode.c.h; path = AFImageDownloader.h; sourceTree = "<group>"; };
		171B60BF1E97866500F7A6CE /* AFImageDownloader.m */ = {isa = PBXFileReference; fileEncoding = 4; lastKnownFileType = sourcecode.c.objc; path = AFImageDownloader.m; sourceTree = "<group>"; };
		171B60C01E97866500F7A6CE /* AFNetworkActivityIndicatorManager.h */ = {isa = PBXFileReference; fileEncoding = 4; lastKnownFileType = sourcecode.c.h; path = AFNetworkActivityIndicatorManager.h; sourceTree = "<group>"; };
		171B60C11E97866500F7A6CE /* AFNetworkActivityIndicatorManager.m */ = {isa = PBXFileReference; fileEncoding = 4; lastKnownFileType = sourcecode.c.objc; path = AFNetworkActivityIndicatorManager.m; sourceTree = "<group>"; };
		171B60C21E97866500F7A6CE /* UIActivityIndicatorView+AFNetworking.h */ = {isa = PBXFileReference; fileEncoding = 4; lastKnownFileType = sourcecode.c.h; path = "UIActivityIndicatorView+AFNetworking.h"; sourceTree = "<group>"; };
		171B60C31E97866500F7A6CE /* UIActivityIndicatorView+AFNetworking.m */ = {isa = PBXFileReference; fileEncoding = 4; lastKnownFileType = sourcecode.c.objc; path = "UIActivityIndicatorView+AFNetworking.m"; sourceTree = "<group>"; };
		171B60C41E97866500F7A6CE /* UIButton+AFNetworking.h */ = {isa = PBXFileReference; fileEncoding = 4; lastKnownFileType = sourcecode.c.h; path = "UIButton+AFNetworking.h"; sourceTree = "<group>"; };
		171B60C51E97866500F7A6CE /* UIButton+AFNetworking.m */ = {isa = PBXFileReference; fileEncoding = 4; lastKnownFileType = sourcecode.c.objc; path = "UIButton+AFNetworking.m"; sourceTree = "<group>"; };
		171B60C61E97866500F7A6CE /* UIImage+AFNetworking.h */ = {isa = PBXFileReference; fileEncoding = 4; lastKnownFileType = sourcecode.c.h; path = "UIImage+AFNetworking.h"; sourceTree = "<group>"; };
		171B60C71E97866500F7A6CE /* UIImageView+AFNetworking.h */ = {isa = PBXFileReference; fileEncoding = 4; lastKnownFileType = sourcecode.c.h; path = "UIImageView+AFNetworking.h"; sourceTree = "<group>"; };
		171B60C81E97866500F7A6CE /* UIImageView+AFNetworking.m */ = {isa = PBXFileReference; fileEncoding = 4; lastKnownFileType = sourcecode.c.objc; path = "UIImageView+AFNetworking.m"; sourceTree = "<group>"; };
		171B60C91E97866500F7A6CE /* UIKit+AFNetworking.h */ = {isa = PBXFileReference; fileEncoding = 4; lastKnownFileType = sourcecode.c.h; path = "UIKit+AFNetworking.h"; sourceTree = "<group>"; };
		171B60CA1E97866500F7A6CE /* UIProgressView+AFNetworking.h */ = {isa = PBXFileReference; fileEncoding = 4; lastKnownFileType = sourcecode.c.h; path = "UIProgressView+AFNetworking.h"; sourceTree = "<group>"; };
		171B60CB1E97866500F7A6CE /* UIProgressView+AFNetworking.m */ = {isa = PBXFileReference; fileEncoding = 4; lastKnownFileType = sourcecode.c.objc; path = "UIProgressView+AFNetworking.m"; sourceTree = "<group>"; };
		171B60CC1E97866500F7A6CE /* UIRefreshControl+AFNetworking.h */ = {isa = PBXFileReference; fileEncoding = 4; lastKnownFileType = sourcecode.c.h; path = "UIRefreshControl+AFNetworking.h"; sourceTree = "<group>"; };
		171B60CD1E97866500F7A6CE /* UIRefreshControl+AFNetworking.m */ = {isa = PBXFileReference; fileEncoding = 4; lastKnownFileType = sourcecode.c.objc; path = "UIRefreshControl+AFNetworking.m"; sourceTree = "<group>"; };
		171B60CE1E97866500F7A6CE /* UIWebView+AFNetworking.h */ = {isa = PBXFileReference; fileEncoding = 4; lastKnownFileType = sourcecode.c.h; path = "UIWebView+AFNetworking.h"; sourceTree = "<group>"; };
		171B60CF1E97866500F7A6CE /* UIWebView+AFNetworking.m */ = {isa = PBXFileReference; fileEncoding = 4; lastKnownFileType = sourcecode.c.objc; path = "UIWebView+AFNetworking.m"; sourceTree = "<group>"; };
		171B60D21E97866500F7A6CE /* LocalConnection.h */ = {isa = PBXFileReference; fileEncoding = 4; lastKnownFileType = sourcecode.c.h; path = LocalConnection.h; sourceTree = "<group>"; };
		171B60D31E97866500F7A6CE /* LocalConnection.m */ = {isa = PBXFileReference; fileEncoding = 4; lastKnownFileType = sourcecode.c.objc; path = LocalConnection.m; sourceTree = "<group>"; };
		171B60D51E97866500F7A6CE /* FSMDefines.h */ = {isa = PBXFileReference; fileEncoding = 4; lastKnownFileType = sourcecode.c.h; path = FSMDefines.h; sourceTree = "<group>"; };
		171B60D61E97866500F7A6CE /* FSMEngine.h */ = {isa = PBXFileReference; fileEncoding = 4; lastKnownFileType = sourcecode.c.h; path = FSMEngine.h; sourceTree = "<group>"; };
		171B60D71E97866500F7A6CE /* FSMEngine.m */ = {isa = PBXFileReference; fileEncoding = 4; lastKnownFileType = sourcecode.c.objc; path = FSMEngine.m; sourceTree = "<group>"; };
		171B60D81E97866500F7A6CE /* FSMStateUtil.h */ = {isa = PBXFileReference; fileEncoding = 4; lastKnownFileType = sourcecode.c.h; path = FSMStateUtil.h; sourceTree = "<group>"; };
		171B60D91E97866500F7A6CE /* FSMStateUtil.m */ = {isa = PBXFileReference; fileEncoding = 4; lastKnownFileType = sourcecode.c.objc; path = FSMStateUtil.m; sourceTree = "<group>"; };
		171B60DA1E97866500F7A6CE /* ReachState.h */ = {isa = PBXFileReference; fileEncoding = 4; lastKnownFileType = sourcecode.c.h; path = ReachState.h; sourceTree = "<group>"; };
		171B60DB1E97866500F7A6CE /* ReachState.m */ = {isa = PBXFileReference; fileEncoding = 4; lastKnownFileType = sourcecode.c.objc; path = ReachState.m; sourceTree = "<group>"; };
		171B60DC1E97866500F7A6CE /* ReachStateLoading.h */ = {isa = PBXFileReference; fileEncoding = 4; lastKnownFileType = sourcecode.c.h; path = ReachStateLoading.h; sourceTree = "<group>"; };
		171B60DD1E97866500F7A6CE /* ReachStateLoading.m */ = {isa = PBXFileReference; fileEncoding = 4; lastKnownFileType = sourcecode.c.objc; path = ReachStateLoading.m; sourceTree = "<group>"; };
		171B60DE1E97866500F7A6CE /* ReachStateUnloaded.h */ = {isa = PBXFileReference; fileEncoding = 4; lastKnownFileType = sourcecode.c.h; path = ReachStateUnloaded.h; sourceTree = "<group>"; };
		171B60DF1E97866500F7A6CE /* ReachStateUnloaded.m */ = {isa = PBXFileReference; fileEncoding = 4; lastKnownFileType = sourcecode.c.objc; path = ReachStateUnloaded.m; sourceTree = "<group>"; };
		171B60E01E97866500F7A6CE /* ReachStateUnReachable.h */ = {isa = PBXFileReference; fileEncoding = 4; lastKnownFileType = sourcecode.c.h; path = ReachStateUnReachable.h; sourceTree = "<group>"; };
		171B60E11E97866500F7A6CE /* ReachStateUnReachable.m */ = {isa = PBXFileReference; fileEncoding = 4; lastKnownFileType = sourcecode.c.objc; path = ReachStateUnReachable.m; sourceTree = "<group>"; };
		171B60E21E97866500F7A6CE /* ReachStateWIFI.h */ = {isa = PBXFileReference; fileEncoding = 4; lastKnownFileType = sourcecode.c.h; path = ReachStateWIFI.h; sourceTree = "<group>"; };
		171B60E31E97866500F7A6CE /* ReachStateWIFI.m */ = {isa = PBXFileReference; fileEncoding = 4; lastKnownFileType = sourcecode.c.objc; path = ReachStateWIFI.m; sourceTree = "<group>"; };
		171B60E41E97866500F7A6CE /* ReachStateWWAN.h */ = {isa = PBXFileReference; fileEncoding = 4; lastKnownFileType = sourcecode.c.h; path = ReachStateWWAN.h; sourceTree = "<group>"; };
		171B60E51E97866500F7A6CE /* ReachStateWWAN.m */ = {isa = PBXFileReference; fileEncoding = 4; lastKnownFileType = sourcecode.c.objc; path = ReachStateWWAN.m; sourceTree = "<group>"; };
		171B60E61E97866500F7A6CE /* Info.plist */ = {isa = PBXFileReference; fileEncoding = 4; lastKnownFileType = text.plist.xml; path = Info.plist; sourceTree = "<group>"; };
		171B60E81E97866500F7A6CE /* PingFoundation.h */ = {isa = PBXFileReference; fileEncoding = 4; lastKnownFileType = sourcecode.c.h; path = PingFoundation.h; sourceTree = "<group>"; };
		171B60E91E97866500F7A6CE /* PingFoundation.m */ = {isa = PBXFileReference; fileEncoding = 4; lastKnownFileType = sourcecode.c.objc; path = PingFoundation.m; sourceTree = "<group>"; };
		171B60EA1E97866500F7A6CE /* PingHelper.h */ = {isa = PBXFileReference; fileEncoding = 4; lastKnownFileType = sourcecode.c.h; path = PingHelper.h; sourceTree = "<group>"; };
		171B60EB1E97866500F7A6CE /* PingHelper.m */ = {isa = PBXFileReference; fileEncoding = 4; lastKnownFileType = sourcecode.c.objc; path = PingHelper.m; sourceTree = "<group>"; };
		171B60EC1E97866500F7A6CE /* RealReachability.h */ = {isa = PBXFileReference; fileEncoding = 4; lastKnownFileType = sourcecode.c.h; path = RealReachability.h; sourceTree = "<group>"; };
		171B60ED1E97866500F7A6CE /* RealReachability.m */ = {isa = PBXFileReference; fileEncoding = 4; lastKnownFileType = sourcecode.c.objc; path = RealReachability.m; sourceTree = "<group>"; };
		171B610B1E97867800F7A6CE /* MASCompositeConstraint.h */ = {isa = PBXFileReference; fileEncoding = 4; lastKnownFileType = sourcecode.c.h; path = MASCompositeConstraint.h; sourceTree = "<group>"; };
		171B610C1E97867800F7A6CE /* MASCompositeConstraint.m */ = {isa = PBXFileReference; fileEncoding = 4; lastKnownFileType = sourcecode.c.objc; path = MASCompositeConstraint.m; sourceTree = "<group>"; };
		171B610D1E97867800F7A6CE /* MASConstraint+Private.h */ = {isa = PBXFileReference; fileEncoding = 4; lastKnownFileType = sourcecode.c.h; path = "MASConstraint+Private.h"; sourceTree = "<group>"; };
		171B610E1E97867800F7A6CE /* MASConstraint.h */ = {isa = PBXFileReference; fileEncoding = 4; lastKnownFileType = sourcecode.c.h; path = MASConstraint.h; sourceTree = "<group>"; };
		171B610F1E97867800F7A6CE /* MASConstraint.m */ = {isa = PBXFileReference; fileEncoding = 4; lastKnownFileType = sourcecode.c.objc; path = MASConstraint.m; sourceTree = "<group>"; };
		171B61101E97867800F7A6CE /* MASConstraintMaker.h */ = {isa = PBXFileReference; fileEncoding = 4; lastKnownFileType = sourcecode.c.h; path = MASConstraintMaker.h; sourceTree = "<group>"; };
		171B61111E97867800F7A6CE /* MASConstraintMaker.m */ = {isa = PBXFileReference; fileEncoding = 4; lastKnownFileType = sourcecode.c.objc; path = MASConstraintMaker.m; sourceTree = "<group>"; };
		171B61121E97867800F7A6CE /* MASLayoutConstraint.h */ = {isa = PBXFileReference; fileEncoding = 4; lastKnownFileType = sourcecode.c.h; path = MASLayoutConstraint.h; sourceTree = "<group>"; };
		171B61131E97867800F7A6CE /* MASLayoutConstraint.m */ = {isa = PBXFileReference; fileEncoding = 4; lastKnownFileType = sourcecode.c.objc; path = MASLayoutConstraint.m; sourceTree = "<group>"; };
		171B61141E97867800F7A6CE /* Masonry.h */ = {isa = PBXFileReference; fileEncoding = 4; lastKnownFileType = sourcecode.c.h; path = Masonry.h; sourceTree = "<group>"; };
		171B61151E97867800F7A6CE /* MASUtilities.h */ = {isa = PBXFileReference; fileEncoding = 4; lastKnownFileType = sourcecode.c.h; path = MASUtilities.h; sourceTree = "<group>"; };
		171B61161E97867800F7A6CE /* MASViewAttribute.h */ = {isa = PBXFileReference; fileEncoding = 4; lastKnownFileType = sourcecode.c.h; path = MASViewAttribute.h; sourceTree = "<group>"; };
		171B61171E97867800F7A6CE /* MASViewAttribute.m */ = {isa = PBXFileReference; fileEncoding = 4; lastKnownFileType = sourcecode.c.objc; path = MASViewAttribute.m; sourceTree = "<group>"; };
		171B61181E97867800F7A6CE /* MASViewConstraint.h */ = {isa = PBXFileReference; fileEncoding = 4; lastKnownFileType = sourcecode.c.h; path = MASViewConstraint.h; sourceTree = "<group>"; };
		171B61191E97867800F7A6CE /* MASViewConstraint.m */ = {isa = PBXFileReference; fileEncoding = 4; lastKnownFileType = sourcecode.c.objc; path = MASViewConstraint.m; sourceTree = "<group>"; };
		171B611A1E97867800F7A6CE /* NSArray+MASAdditions.h */ = {isa = PBXFileReference; fileEncoding = 4; lastKnownFileType = sourcecode.c.h; path = "NSArray+MASAdditions.h"; sourceTree = "<group>"; };
		171B611B1E97867800F7A6CE /* NSArray+MASAdditions.m */ = {isa = PBXFileReference; fileEncoding = 4; lastKnownFileType = sourcecode.c.objc; path = "NSArray+MASAdditions.m"; sourceTree = "<group>"; };
		171B611C1E97867800F7A6CE /* NSArray+MASShorthandAdditions.h */ = {isa = PBXFileReference; fileEncoding = 4; lastKnownFileType = sourcecode.c.h; path = "NSArray+MASShorthandAdditions.h"; sourceTree = "<group>"; };
		171B611D1E97867800F7A6CE /* NSLayoutConstraint+MASDebugAdditions.h */ = {isa = PBXFileReference; fileEncoding = 4; lastKnownFileType = sourcecode.c.h; path = "NSLayoutConstraint+MASDebugAdditions.h"; sourceTree = "<group>"; };
		171B611E1E97867800F7A6CE /* NSLayoutConstraint+MASDebugAdditions.m */ = {isa = PBXFileReference; fileEncoding = 4; lastKnownFileType = sourcecode.c.objc; path = "NSLayoutConstraint+MASDebugAdditions.m"; sourceTree = "<group>"; };
		171B611F1E97867800F7A6CE /* View+MASAdditions.h */ = {isa = PBXFileReference; fileEncoding = 4; lastKnownFileType = sourcecode.c.h; path = "View+MASAdditions.h"; sourceTree = "<group>"; };
		171B61201E97867800F7A6CE /* View+MASAdditions.m */ = {isa = PBXFileReference; fileEncoding = 4; lastKnownFileType = sourcecode.c.objc; path = "View+MASAdditions.m"; sourceTree = "<group>"; };
		171B61211E97867800F7A6CE /* View+MASShorthandAdditions.h */ = {isa = PBXFileReference; fileEncoding = 4; lastKnownFileType = sourcecode.c.h; path = "View+MASShorthandAdditions.h"; sourceTree = "<group>"; };
		171B612E1E978CFA00F7A6CE /* MKButton.h */ = {isa = PBXFileReference; fileEncoding = 4; lastKnownFileType = sourcecode.c.h; path = MKButton.h; sourceTree = "<group>"; };
		171B612F1E978CFA00F7A6CE /* MKButton.m */ = {isa = PBXFileReference; fileEncoding = 4; lastKnownFileType = sourcecode.c.objc; path = MKButton.m; sourceTree = "<group>"; };
		171B61311E978CFA00F7A6CE /* HXSearchBar.h */ = {isa = PBXFileReference; fileEncoding = 4; lastKnownFileType = sourcecode.c.h; path = HXSearchBar.h; sourceTree = "<group>"; };
		171B61321E978CFA00F7A6CE /* HXSearchBar.m */ = {isa = PBXFileReference; fileEncoding = 4; lastKnownFileType = sourcecode.c.objc; path = HXSearchBar.m; sourceTree = "<group>"; };
		171B61341E978CFA00F7A6CE /* SearchHistoryManager.h */ = {isa = PBXFileReference; fileEncoding = 4; lastKnownFileType = sourcecode.c.h; path = SearchHistoryManager.h; sourceTree = "<group>"; };
		171B61351E978CFA00F7A6CE /* SearchHistoryManager.m */ = {isa = PBXFileReference; fileEncoding = 4; lastKnownFileType = sourcecode.c.objc; path = SearchHistoryManager.m; sourceTree = "<group>"; };
		171B613A1E978D2300F7A6CE /* MKCode.h */ = {isa = PBXFileReference; fileEncoding = 4; lastKnownFileType = sourcecode.c.h; path = MKCode.h; sourceTree = "<group>"; };
		171B613B1E978D2300F7A6CE /* MKCode.m */ = {isa = PBXFileReference; fileEncoding = 4; lastKnownFileType = sourcecode.c.objc; path = MKCode.m; sourceTree = "<group>"; };
		171B61581E97917600F7A6CE /* AbsNetworking.h */ = {isa = PBXFileReference; fileEncoding = 4; lastKnownFileType = sourcecode.c.h; path = AbsNetworking.h; sourceTree = "<group>"; };
		171B61591E97917600F7A6CE /* AbsNetworking.m */ = {isa = PBXFileReference; fileEncoding = 4; lastKnownFileType = sourcecode.c.objc; path = AbsNetworking.m; sourceTree = "<group>"; };
		171B615A1E97917600F7A6CE /* AbsNetworkingIndicator.h */ = {isa = PBXFileReference; fileEncoding = 4; lastKnownFileType = sourcecode.c.h; path = AbsNetworkingIndicator.h; sourceTree = "<group>"; };
		171B615B1E97917600F7A6CE /* AbsNetworkingIndicator.m */ = {isa = PBXFileReference; fileEncoding = 4; lastKnownFileType = sourcecode.c.objc; path = AbsNetworkingIndicator.m; sourceTree = "<group>"; };
		171B615C1E97917600F7A6CE /* AbsRequestParameterSerializer.h */ = {isa = PBXFileReference; fileEncoding = 4; lastKnownFileType = sourcecode.c.h; path = AbsRequestParameterSerializer.h; sourceTree = "<group>"; };
		171B615D1E97917600F7A6CE /* AbsRequestParameterSerializer.m */ = {isa = PBXFileReference; fileEncoding = 4; lastKnownFileType = sourcecode.c.objc; path = AbsRequestParameterSerializer.m; sourceTree = "<group>"; };
		171B615E1E97917600F7A6CE /* AbsResponseDataSerializer.h */ = {isa = PBXFileReference; fileEncoding = 4; lastKnownFileType = sourcecode.c.h; path = AbsResponseDataSerializer.h; sourceTree = "<group>"; };
		171B615F1E97917600F7A6CE /* AbsResponseDataSerializer.m */ = {isa = PBXFileReference; fileEncoding = 4; lastKnownFileType = sourcecode.c.objc; path = AbsResponseDataSerializer.m; sourceTree = "<group>"; };
		171B61601E97917600F7A6CE /* RequestBodyType.h */ = {isa = PBXFileReference; fileEncoding = 4; lastKnownFileType = sourcecode.c.h; path = RequestBodyType.h; sourceTree = "<group>"; };
		171B61611E97917600F7A6CE /* RequestBodyType.m */ = {isa = PBXFileReference; fileEncoding = 4; lastKnownFileType = sourcecode.c.objc; path = RequestBodyType.m; sourceTree = "<group>"; };
		171B61621E97917600F7A6CE /* RequestMethodType.h */ = {isa = PBXFileReference; fileEncoding = 4; lastKnownFileType = sourcecode.c.h; path = RequestMethodType.h; sourceTree = "<group>"; };
		171B61631E97917600F7A6CE /* RequestMethodType.m */ = {isa = PBXFileReference; fileEncoding = 4; lastKnownFileType = sourcecode.c.objc; path = RequestMethodType.m; sourceTree = "<group>"; };
		171B61641E97917600F7A6CE /* ResponseDataType.h */ = {isa = PBXFileReference; fileEncoding = 4; lastKnownFileType = sourcecode.c.h; path = ResponseDataType.h; sourceTree = "<group>"; };
		171B61651E97917600F7A6CE /* ResponseDataType.m */ = {isa = PBXFileReference; fileEncoding = 4; lastKnownFileType = sourcecode.c.objc; path = ResponseDataType.m; sourceTree = "<group>"; };
		171B616E1E9791B000F7A6CE /* Networking.h */ = {isa = PBXFileReference; fileEncoding = 4; lastKnownFileType = sourcecode.c.h; path = Networking.h; sourceTree = "<group>"; };
		171B616F1E9791B000F7A6CE /* Networking.m */ = {isa = PBXFileReference; fileEncoding = 4; lastKnownFileType = sourcecode.c.objc; path = Networking.m; sourceTree = "<group>"; };
		171B61701E9791B000F7A6CE /* NetworkingIndicator.h */ = {isa = PBXFileReference; fileEncoding = 4; lastKnownFileType = sourcecode.c.h; path = NetworkingIndicator.h; sourceTree = "<group>"; };
		171B61711E9791B000F7A6CE /* NetworkingIndicator.m */ = {isa = PBXFileReference; fileEncoding = 4; lastKnownFileType = sourcecode.c.objc; path = NetworkingIndicator.m; sourceTree = "<group>"; };
		17698F171E97270C002C273B /* favor@3x.png */ = {isa = PBXFileReference; lastKnownFileType = image.png; path = "favor@3x.png"; sourceTree = "<group>"; };
		177248BE1E9B82650077B649 /* XMLDictionary.h */ = {isa = PBXFileReference; fileEncoding = 4; lastKnownFileType = sourcecode.c.h; path = XMLDictionary.h; sourceTree = "<group>"; };
		177248BF1E9B82650077B649 /* XMLDictionary.m */ = {isa = PBXFileReference; fileEncoding = 4; lastKnownFileType = sourcecode.c.objc; path = XMLDictionary.m; sourceTree = "<group>"; };
		177248C21E9B826C0077B649 /* MKAnnotationView+WebCache.h */ = {isa = PBXFileReference; fileEncoding = 4; lastKnownFileType = sourcecode.c.h; path = "MKAnnotationView+WebCache.h"; sourceTree = "<group>"; };
		177248C31E9B826C0077B649 /* MKAnnotationView+WebCache.m */ = {isa = PBXFileReference; fileEncoding = 4; lastKnownFileType = sourcecode.c.objc; path = "MKAnnotationView+WebCache.m"; sourceTree = "<group>"; };
		177248C41E9B826C0077B649 /* NSData+ImageContentType.h */ = {isa = PBXFileReference; fileEncoding = 4; lastKnownFileType = sourcecode.c.h; path = "NSData+ImageContentType.h"; sourceTree = "<group>"; };
		177248C51E9B826C0077B649 /* NSData+ImageContentType.m */ = {isa = PBXFileReference; fileEncoding = 4; lastKnownFileType = sourcecode.c.objc; path = "NSData+ImageContentType.m"; sourceTree = "<group>"; };
		177248C61E9B826C0077B649 /* SDImageCache.h */ = {isa = PBXFileReference; fileEncoding = 4; lastKnownFileType = sourcecode.c.h; path = SDImageCache.h; sourceTree = "<group>"; };
		177248C71E9B826C0077B649 /* SDImageCache.m */ = {isa = PBXFileReference; fileEncoding = 4; lastKnownFileType = sourcecode.c.objc; path = SDImageCache.m; sourceTree = "<group>"; };
		177248C81E9B826C0077B649 /* SDWebImageCompat.h */ = {isa = PBXFileReference; fileEncoding = 4; lastKnownFileType = sourcecode.c.h; path = SDWebImageCompat.h; sourceTree = "<group>"; };
		177248C91E9B826C0077B649 /* SDWebImageCompat.m */ = {isa = PBXFileReference; fileEncoding = 4; lastKnownFileType = sourcecode.c.objc; path = SDWebImageCompat.m; sourceTree = "<group>"; };
		177248CA1E9B826C0077B649 /* SDWebImageDecoder.h */ = {isa = PBXFileReference; fileEncoding = 4; lastKnownFileType = sourcecode.c.h; path = SDWebImageDecoder.h; sourceTree = "<group>"; };
		177248CB1E9B826C0077B649 /* SDWebImageDecoder.m */ = {isa = PBXFileReference; fileEncoding = 4; lastKnownFileType = sourcecode.c.objc; path = SDWebImageDecoder.m; sourceTree = "<group>"; };
		177248CC1E9B826C0077B649 /* SDWebImageDownloader.h */ = {isa = PBXFileReference; fileEncoding = 4; lastKnownFileType = sourcecode.c.h; path = SDWebImageDownloader.h; sourceTree = "<group>"; };
		177248CD1E9B826C0077B649 /* SDWebImageDownloader.m */ = {isa = PBXFileReference; fileEncoding = 4; lastKnownFileType = sourcecode.c.objc; path = SDWebImageDownloader.m; sourceTree = "<group>"; };
		177248CE1E9B826C0077B649 /* SDWebImageDownloaderOperation.h */ = {isa = PBXFileReference; fileEncoding = 4; lastKnownFileType = sourcecode.c.h; path = SDWebImageDownloaderOperation.h; sourceTree = "<group>"; };
		177248CF1E9B826C0077B649 /* SDWebImageDownloaderOperation.m */ = {isa = PBXFileReference; fileEncoding = 4; lastKnownFileType = sourcecode.c.objc; path = SDWebImageDownloaderOperation.m; sourceTree = "<group>"; };
		177248D01E9B826C0077B649 /* SDWebImageManager.h */ = {isa = PBXFileReference; fileEncoding = 4; lastKnownFileType = sourcecode.c.h; path = SDWebImageManager.h; sourceTree = "<group>"; };
		177248D11E9B826C0077B649 /* SDWebImageManager.m */ = {isa = PBXFileReference; fileEncoding = 4; lastKnownFileType = sourcecode.c.objc; path = SDWebImageManager.m; sourceTree = "<group>"; };
		177248D21E9B826C0077B649 /* SDWebImageOperation.h */ = {isa = PBXFileReference; fileEncoding = 4; lastKnownFileType = sourcecode.c.h; path = SDWebImageOperation.h; sourceTree = "<group>"; };
		177248D31E9B826C0077B649 /* SDWebImagePrefetcher.h */ = {isa = PBXFileReference; fileEncoding = 4; lastKnownFileType = sourcecode.c.h; path = SDWebImagePrefetcher.h; sourceTree = "<group>"; };
		177248D41E9B826C0077B649 /* SDWebImagePrefetcher.m */ = {isa = PBXFileReference; fileEncoding = 4; lastKnownFileType = sourcecode.c.objc; path = SDWebImagePrefetcher.m; sourceTree = "<group>"; };
		177248D51E9B826C0077B649 /* UIButton+WebCache.h */ = {isa = PBXFileReference; fileEncoding = 4; lastKnownFileType = sourcecode.c.h; path = "UIButton+WebCache.h"; sourceTree = "<group>"; };
		177248D61E9B826C0077B649 /* UIButton+WebCache.m */ = {isa = PBXFileReference; fileEncoding = 4; lastKnownFileType = sourcecode.c.objc; path = "UIButton+WebCache.m"; sourceTree = "<group>"; };
		177248D71E9B826C0077B649 /* UIImage+GIF.h */ = {isa = PBXFileReference; fileEncoding = 4; lastKnownFileType = sourcecode.c.h; path = "UIImage+GIF.h"; sourceTree = "<group>"; };
		177248D81E9B826C0077B649 /* UIImage+GIF.m */ = {isa = PBXFileReference; fileEncoding = 4; lastKnownFileType = sourcecode.c.objc; path = "UIImage+GIF.m"; sourceTree = "<group>"; };
		177248D91E9B826C0077B649 /* UIImage+MultiFormat.h */ = {isa = PBXFileReference; fileEncoding = 4; lastKnownFileType = sourcecode.c.h; path = "UIImage+MultiFormat.h"; sourceTree = "<group>"; };
		177248DA1E9B826C0077B649 /* UIImage+MultiFormat.m */ = {isa = PBXFileReference; fileEncoding = 4; lastKnownFileType = sourcecode.c.objc; path = "UIImage+MultiFormat.m"; sourceTree = "<group>"; };
		177248DB1E9B826C0077B649 /* UIImage+WebP.h */ = {isa = PBXFileReference; fileEncoding = 4; lastKnownFileType = sourcecode.c.h; path = "UIImage+WebP.h"; sourceTree = "<group>"; };
		177248DC1E9B826C0077B649 /* UIImage+WebP.m */ = {isa = PBXFileReference; fileEncoding = 4; lastKnownFileType = sourcecode.c.objc; path = "UIImage+WebP.m"; sourceTree = "<group>"; };
		177248DD1E9B826C0077B649 /* UIImageView+HighlightedWebCache.h */ = {isa = PBXFileReference; fileEncoding = 4; lastKnownFileType = sourcecode.c.h; path = "UIImageView+HighlightedWebCache.h"; sourceTree = "<group>"; };
		177248DE1E9B826C0077B649 /* UIImageView+HighlightedWebCache.m */ = {isa = PBXFileReference; fileEncoding = 4; lastKnownFileType = sourcecode.c.objc; path = "UIImageView+HighlightedWebCache.m"; sourceTree = "<group>"; };
		177248DF1E9B826C0077B649 /* UIImageView+WebCache.h */ = {isa = PBXFileReference; fileEncoding = 4; lastKnownFileType = sourcecode.c.h; path = "UIImageView+WebCache.h"; sourceTree = "<group>"; };
		177248E01E9B826C0077B649 /* UIImageView+WebCache.m */ = {isa = PBXFileReference; fileEncoding = 4; lastKnownFileType = sourcecode.c.objc; path = "UIImageView+WebCache.m"; sourceTree = "<group>"; };
		177248E11E9B826C0077B649 /* UIView+WebCacheOperation.h */ = {isa = PBXFileReference; fileEncoding = 4; lastKnownFileType = sourcecode.c.h; path = "UIView+WebCacheOperation.h"; sourceTree = "<group>"; };
		177248E21E9B826C0077B649 /* UIView+WebCacheOperation.m */ = {isa = PBXFileReference; fileEncoding = 4; lastKnownFileType = sourcecode.c.objc; path = "UIView+WebCacheOperation.m"; sourceTree = "<group>"; };
		177446651E9C63D40079E5EE /* XMLSerializer.h */ = {isa = PBXFileReference; fileEncoding = 4; lastKnownFileType = sourcecode.c.h; path = XMLSerializer.h; sourceTree = "<group>"; };
		177446661E9C63D40079E5EE /* XMLSerializer.m */ = {isa = PBXFileReference; fileEncoding = 4; lastKnownFileType = sourcecode.c.objc; path = XMLSerializer.m; sourceTree = "<group>"; };
		177446681E9C64960079E5EE /* XMLRootModel.h */ = {isa = PBXFileReference; fileEncoding = 4; lastKnownFileType = sourcecode.c.h; path = XMLRootModel.h; sourceTree = "<group>"; };
		177446691E9C64960079E5EE /* XMLRootModel.m */ = {isa = PBXFileReference; fileEncoding = 4; lastKnownFileType = sourcecode.c.objc; path = XMLRootModel.m; sourceTree = "<group>"; };
		1774466B1E9C66D70079E5EE /* JSONSerializer.h */ = {isa = PBXFileReference; fileEncoding = 4; lastKnownFileType = sourcecode.c.h; path = JSONSerializer.h; sourceTree = "<group>"; };
		1774466C1E9C66D70079E5EE /* JSONSerializer.m */ = {isa = PBXFileReference; fileEncoding = 4; lastKnownFileType = sourcecode.c.objc; path = JSONSerializer.m; sourceTree = "<group>"; };
		1774466E1E9C670D0079E5EE /* JSONRootModel.h */ = {isa = PBXFileReference; fileEncoding = 4; lastKnownFileType = sourcecode.c.h; path = JSONRootModel.h; sourceTree = "<group>"; };
		1774466F1E9C670D0079E5EE /* JSONRootModel.m */ = {isa = PBXFileReference; fileEncoding = 4; lastKnownFileType = sourcecode.c.objc; path = JSONRootModel.m; sourceTree = "<group>"; };
		17799ABB1E81117B001F8D77 /* SignInViewController.h */ = {isa = PBXFileReference; fileEncoding = 4; lastKnownFileType = sourcecode.c.h; path = SignInViewController.h; sourceTree = "<group>"; };
		17799ABC1E81117B001F8D77 /* SignInViewController.m */ = {isa = PBXFileReference; fileEncoding = 4; lastKnownFileType = sourcecode.c.objc; path = SignInViewController.m; sourceTree = "<group>"; };
		178E92691E7A737800B0B61D /* MKCode.app */ = {isa = PBXFileReference; explicitFileType = wrapper.application; includeInIndex = 0; path = MKCode.app; sourceTree = BUILT_PRODUCTS_DIR; };
		178E926D1E7A737800B0B61D /* main.m */ = {isa = PBXFileReference; lastKnownFileType = sourcecode.c.objc; path = main.m; sourceTree = "<group>"; };
		178E926F1E7A737800B0B61D /* AppDelegate.h */ = {isa = PBXFileReference; lastKnownFileType = sourcecode.c.h; path = AppDelegate.h; sourceTree = "<group>"; };
		178E92701E7A737800B0B61D /* AppDelegate.m */ = {isa = PBXFileReference; lastKnownFileType = sourcecode.c.objc; path = AppDelegate.m; sourceTree = "<group>"; };
		178E92721E7A737800B0B61D /* ViewController.h */ = {isa = PBXFileReference; lastKnownFileType = sourcecode.c.h; path = ViewController.h; sourceTree = "<group>"; };
		178E92731E7A737800B0B61D /* ViewController.m */ = {isa = PBXFileReference; lastKnownFileType = sourcecode.c.objc; path = ViewController.m; sourceTree = "<group>"; };
		178E92761E7A737800B0B61D /* Base */ = {isa = PBXFileReference; lastKnownFileType = file.storyboard; name = Base; path = Base.lproj/Main.storyboard; sourceTree = "<group>"; };
		178E92781E7A737800B0B61D /* Assets.xcassets */ = {isa = PBXFileReference; lastKnownFileType = folder.assetcatalog; path = Assets.xcassets; sourceTree = "<group>"; };
		178E927B1E7A737800B0B61D /* Base */ = {isa = PBXFileReference; lastKnownFileType = file.storyboard; name = Base; path = Base.lproj/LaunchScreen.storyboard; sourceTree = "<group>"; };
		178E927D1E7A737800B0B61D /* Info.plist */ = {isa = PBXFileReference; lastKnownFileType = text.plist.xml; path = Info.plist; sourceTree = "<group>"; };
/* End PBXFileReference section */

/* Begin PBXFrameworksBuildPhase section */
		178E92661E7A737800B0B61D /* Frameworks */ = {
			isa = PBXFrameworksBuildPhase;
			buildActionMask = 2147483647;
			files = (
			);
			runOnlyForDeploymentPostprocessing = 0;
		};
/* End PBXFrameworksBuildPhase section */

/* Begin PBXGroup section */
		171B60AB1E97866500F7A6CE /* third_party */ = {
			isa = PBXGroup;
			children = (
				177248C11E9B826C0077B649 /* SDWebImage */,
				177248BD1E9B82650077B649 /* XMLDictionary */,
				171B610A1E97867800F7A6CE /* Masonry */,
				171B60AC1E97866500F7A6CE /* AFNetworking3.x */,
				171B60D01E97866500F7A6CE /* RealReachability */,
			);
			path = third_party;
			sourceTree = "<group>";
		};
		171B60AC1E97866500F7A6CE /* AFNetworking3.x */ = {
			isa = PBXGroup;
			children = (
				171B60AD1E97866500F7A6CE /* AFNetworking */,
				171B60BB1E97866500F7A6CE /* UIKit+AFNetworking */,
			);
			path = AFNetworking3.x;
			sourceTree = "<group>";
		};
		171B60AD1E97866500F7A6CE /* AFNetworking */ = {
			isa = PBXGroup;
			children = (
				171B60AE1E97866500F7A6CE /* AFHTTPSessionManager.h */,
				171B60AF1E97866500F7A6CE /* AFHTTPSessionManager.m */,
				171B60B01E97866500F7A6CE /* AFNetworking.h */,
				171B60B11E97866500F7A6CE /* AFNetworkReachabilityManager.h */,
				171B60B21E97866500F7A6CE /* AFNetworkReachabilityManager.m */,
				171B60B31E97866500F7A6CE /* AFSecurityPolicy.h */,
				171B60B41E97866500F7A6CE /* AFSecurityPolicy.m */,
				171B60B51E97866500F7A6CE /* AFURLRequestSerialization.h */,
				171B60B61E97866500F7A6CE /* AFURLRequestSerialization.m */,
				171B60B71E97866500F7A6CE /* AFURLResponseSerialization.h */,
				171B60B81E97866500F7A6CE /* AFURLResponseSerialization.m */,
				171B60B91E97866500F7A6CE /* AFURLSessionManager.h */,
				171B60BA1E97866500F7A6CE /* AFURLSessionManager.m */,
			);
			path = AFNetworking;
			sourceTree = "<group>";
		};
		171B60BB1E97866500F7A6CE /* UIKit+AFNetworking */ = {
			isa = PBXGroup;
			children = (
				171B60BC1E97866500F7A6CE /* AFAutoPurgingImageCache.h */,
				171B60BD1E97866500F7A6CE /* AFAutoPurgingImageCache.m */,
				171B60BE1E97866500F7A6CE /* AFImageDownloader.h */,
				171B60BF1E97866500F7A6CE /* AFImageDownloader.m */,
				171B60C01E97866500F7A6CE /* AFNetworkActivityIndicatorManager.h */,
				171B60C11E97866500F7A6CE /* AFNetworkActivityIndicatorManager.m */,
				171B60C21E97866500F7A6CE /* UIActivityIndicatorView+AFNetworking.h */,
				171B60C31E97866500F7A6CE /* UIActivityIndicatorView+AFNetworking.m */,
				171B60C41E97866500F7A6CE /* UIButton+AFNetworking.h */,
				171B60C51E97866500F7A6CE /* UIButton+AFNetworking.m */,
				171B60C61E97866500F7A6CE /* UIImage+AFNetworking.h */,
				171B60C71E97866500F7A6CE /* UIImageView+AFNetworking.h */,
				171B60C81E97866500F7A6CE /* UIImageView+AFNetworking.m */,
				171B60C91E97866500F7A6CE /* UIKit+AFNetworking.h */,
				171B60CA1E97866500F7A6CE /* UIProgressView+AFNetworking.h */,
				171B60CB1E97866500F7A6CE /* UIProgressView+AFNetworking.m */,
				171B60CC1E97866500F7A6CE /* UIRefreshControl+AFNetworking.h */,
				171B60CD1E97866500F7A6CE /* UIRefreshControl+AFNetworking.m */,
				171B60CE1E97866500F7A6CE /* UIWebView+AFNetworking.h */,
				171B60CF1E97866500F7A6CE /* UIWebView+AFNetworking.m */,
			);
			path = "UIKit+AFNetworking";
			sourceTree = "<group>";
		};
		171B60D01E97866500F7A6CE /* RealReachability */ = {
			isa = PBXGroup;
			children = (
				171B60D11E97866500F7A6CE /* Connection */,
				171B60D41E97866500F7A6CE /* FSM */,
				171B60E61E97866500F7A6CE /* Info.plist */,
				171B60E71E97866500F7A6CE /* Ping */,
				171B60EC1E97866500F7A6CE /* RealReachability.h */,
				171B60ED1E97866500F7A6CE /* RealReachability.m */,
			);
			path = RealReachability;
			sourceTree = "<group>";
		};
		171B60D11E97866500F7A6CE /* Connection */ = {
			isa = PBXGroup;
			children = (
				171B60D21E97866500F7A6CE /* LocalConnection.h */,
				171B60D31E97866500F7A6CE /* LocalConnection.m */,
			);
			path = Connection;
			sourceTree = "<group>";
		};
		171B60D41E97866500F7A6CE /* FSM */ = {
			isa = PBXGroup;
			children = (
				171B60D51E97866500F7A6CE /* FSMDefines.h */,
				171B60D61E97866500F7A6CE /* FSMEngine.h */,
				171B60D71E97866500F7A6CE /* FSMEngine.m */,
				171B60D81E97866500F7A6CE /* FSMStateUtil.h */,
				171B60D91E97866500F7A6CE /* FSMStateUtil.m */,
				171B60DA1E97866500F7A6CE /* ReachState.h */,
				171B60DB1E97866500F7A6CE /* ReachState.m */,
				171B60DC1E97866500F7A6CE /* ReachStateLoading.h */,
				171B60DD1E97866500F7A6CE /* ReachStateLoading.m */,
				171B60DE1E97866500F7A6CE /* ReachStateUnloaded.h */,
				171B60DF1E97866500F7A6CE /* ReachStateUnloaded.m */,
				171B60E01E97866500F7A6CE /* ReachStateUnReachable.h */,
				171B60E11E97866500F7A6CE /* ReachStateUnReachable.m */,
				171B60E21E97866500F7A6CE /* ReachStateWIFI.h */,
				171B60E31E97866500F7A6CE /* ReachStateWIFI.m */,
				171B60E41E97866500F7A6CE /* ReachStateWWAN.h */,
				171B60E51E97866500F7A6CE /* ReachStateWWAN.m */,
			);
			path = FSM;
			sourceTree = "<group>";
		};
		171B60E71E97866500F7A6CE /* Ping */ = {
			isa = PBXGroup;
			children = (
				171B60E81E97866500F7A6CE /* PingFoundation.h */,
				171B60E91E97866500F7A6CE /* PingFoundation.m */,
				171B60EA1E97866500F7A6CE /* PingHelper.h */,
				171B60EB1E97866500F7A6CE /* PingHelper.m */,
			);
			path = Ping;
			sourceTree = "<group>";
		};
		171B610A1E97867800F7A6CE /* Masonry */ = {
			isa = PBXGroup;
			children = (
				171B610B1E97867800F7A6CE /* MASCompositeConstraint.h */,
				171B610C1E97867800F7A6CE /* MASCompositeConstraint.m */,
				171B610D1E97867800F7A6CE /* MASConstraint+Private.h */,
				171B610E1E97867800F7A6CE /* MASConstraint.h */,
				171B610F1E97867800F7A6CE /* MASConstraint.m */,
				171B61101E97867800F7A6CE /* MASConstraintMaker.h */,
				171B61111E97867800F7A6CE /* MASConstraintMaker.m */,
				171B61121E97867800F7A6CE /* MASLayoutConstraint.h */,
				171B61131E97867800F7A6CE /* MASLayoutConstraint.m */,
				171B61141E97867800F7A6CE /* Masonry.h */,
				171B61151E97867800F7A6CE /* MASUtilities.h */,
				171B61161E97867800F7A6CE /* MASViewAttribute.h */,
				171B61171E97867800F7A6CE /* MASViewAttribute.m */,
				171B61181E97867800F7A6CE /* MASViewConstraint.h */,
				171B61191E97867800F7A6CE /* MASViewConstraint.m */,
				171B611A1E97867800F7A6CE /* NSArray+MASAdditions.h */,
				171B611B1E97867800F7A6CE /* NSArray+MASAdditions.m */,
				171B611C1E97867800F7A6CE /* NSArray+MASShorthandAdditions.h */,
				171B611D1E97867800F7A6CE /* NSLayoutConstraint+MASDebugAdditions.h */,
				171B611E1E97867800F7A6CE /* NSLayoutConstraint+MASDebugAdditions.m */,
				171B611F1E97867800F7A6CE /* View+MASAdditions.h */,
				171B61201E97867800F7A6CE /* View+MASAdditions.m */,
				171B61211E97867800F7A6CE /* View+MASShorthandAdditions.h */,
			);
			path = Masonry;
			sourceTree = "<group>";
		};
		171B612C1E978CFA00F7A6CE /* Custom */ = {
			isa = PBXGroup;
			children = (
				171B61561E97917600F7A6CE /* MKNetworking */,
				171B61391E978D2300F7A6CE /* MKCode */,
				171B612D1E978CFA00F7A6CE /* MKButton */,
				171B61301E978CFA00F7A6CE /* SearchBar */,
				171B61331E978CFA00F7A6CE /* SearchHistoryManager */,
			);
			path = Custom;
			sourceTree = "<group>";
		};
		171B612D1E978CFA00F7A6CE /* MKButton */ = {
			isa = PBXGroup;
			children = (
				171B612E1E978CFA00F7A6CE /* MKButton.h */,
				171B612F1E978CFA00F7A6CE /* MKButton.m */,
			);
			path = MKButton;
			sourceTree = "<group>";
		};
		171B61301E978CFA00F7A6CE /* SearchBar */ = {
			isa = PBXGroup;
			children = (
				171B61311E978CFA00F7A6CE /* HXSearchBar.h */,
				171B61321E978CFA00F7A6CE /* HXSearchBar.m */,
			);
			path = SearchBar;
			sourceTree = "<group>";
		};
		171B61331E978CFA00F7A6CE /* SearchHistoryManager */ = {
			isa = PBXGroup;
			children = (
				171B61341E978CFA00F7A6CE /* SearchHistoryManager.h */,
				171B61351E978CFA00F7A6CE /* SearchHistoryManager.m */,
			);
			path = SearchHistoryManager;
			sourceTree = "<group>";
		};
		171B61391E978D2300F7A6CE /* MKCode */ = {
			isa = PBXGroup;
			children = (
				171B613A1E978D2300F7A6CE /* MKCode.h */,
				171B613B1E978D2300F7A6CE /* MKCode.m */,
			);
			path = MKCode;
			sourceTree = "<group>";
		};
		171B61561E97917600F7A6CE /* MKNetworking */ = {
			isa = PBXGroup;
			children = (
				177446641E9C63780079E5EE /* MKModel */,
				171B616D1E9791B000F7A6CE /* Networking */,
				171B61571E97917600F7A6CE /* AbsNetworking */,
			);
			path = MKNetworking;
			sourceTree = "<group>";
		};
		171B61571E97917600F7A6CE /* AbsNetworking */ = {
			isa = PBXGroup;
			children = (
				171B61581E97917600F7A6CE /* AbsNetworking.h */,
				171B61591E97917600F7A6CE /* AbsNetworking.m */,
				171B615A1E97917600F7A6CE /* AbsNetworkingIndicator.h */,
				171B615B1E97917600F7A6CE /* AbsNetworkingIndicator.m */,
				171B615C1E97917600F7A6CE /* AbsRequestParameterSerializer.h */,
				171B615D1E97917600F7A6CE /* AbsRequestParameterSerializer.m */,
				171B615E1E97917600F7A6CE /* AbsResponseDataSerializer.h */,
				171B615F1E97917600F7A6CE /* AbsResponseDataSerializer.m */,
				171B61601E97917600F7A6CE /* RequestBodyType.h */,
				171B61611E97917600F7A6CE /* RequestBodyType.m */,
				171B61621E97917600F7A6CE /* RequestMethodType.h */,
				171B61631E97917600F7A6CE /* RequestMethodType.m */,
				171B61641E97917600F7A6CE /* ResponseDataType.h */,
				171B61651E97917600F7A6CE /* ResponseDataType.m */,
			);
			path = AbsNetworking;
			sourceTree = "<group>";
		};
		171B616D1E9791B000F7A6CE /* Networking */ = {
			isa = PBXGroup;
			children = (
				171B616E1E9791B000F7A6CE /* Networking.h */,
				171B616F1E9791B000F7A6CE /* Networking.m */,
				171B61701E9791B000F7A6CE /* NetworkingIndicator.h */,
				171B61711E9791B000F7A6CE /* NetworkingIndicator.m */,
			);
			path = Networking;
			sourceTree = "<group>";
		};
		177248BD1E9B82650077B649 /* XMLDictionary */ = {
			isa = PBXGroup;
			children = (
				177248BE1E9B82650077B649 /* XMLDictionary.h */,
				177248BF1E9B82650077B649 /* XMLDictionary.m */,
			);
			path = XMLDictionary;
			sourceTree = "<group>";
		};
		177248C11E9B826C0077B649 /* SDWebImage */ = {
			isa = PBXGroup;
			children = (
				177248C21E9B826C0077B649 /* MKAnnotationView+WebCache.h */,
				177248C31E9B826C0077B649 /* MKAnnotationView+WebCache.m */,
				177248C41E9B826C0077B649 /* NSData+ImageContentType.h */,
				177248C51E9B826C0077B649 /* NSData+ImageContentType.m */,
				177248C61E9B826C0077B649 /* SDImageCache.h */,
				177248C71E9B826C0077B649 /* SDImageCache.m */,
				177248C81E9B826C0077B649 /* SDWebImageCompat.h */,
				177248C91E9B826C0077B649 /* SDWebImageCompat.m */,
				177248CA1E9B826C0077B649 /* SDWebImageDecoder.h */,
				177248CB1E9B826C0077B649 /* SDWebImageDecoder.m */,
				177248CC1E9B826C0077B649 /* SDWebImageDownloader.h */,
				177248CD1E9B826C0077B649 /* SDWebImageDownloader.m */,
				177248CE1E9B826C0077B649 /* SDWebImageDownloaderOperation.h */,
				177248CF1E9B826C0077B649 /* SDWebImageDownloaderOperation.m */,
				177248D01E9B826C0077B649 /* SDWebImageManager.h */,
				177248D11E9B826C0077B649 /* SDWebImageManager.m */,
				177248D21E9B826C0077B649 /* SDWebImageOperation.h */,
				177248D31E9B826C0077B649 /* SDWebImagePrefetcher.h */,
				177248D41E9B826C0077B649 /* SDWebImagePrefetcher.m */,
				177248D51E9B826C0077B649 /* UIButton+WebCache.h */,
				177248D61E9B826C0077B649 /* UIButton+WebCache.m */,
				177248D71E9B826C0077B649 /* UIImage+GIF.h */,
				177248D81E9B826C0077B649 /* UIImage+GIF.m */,
				177248D91E9B826C0077B649 /* UIImage+MultiFormat.h */,
				177248DA1E9B826C0077B649 /* UIImage+MultiFormat.m */,
				177248DB1E9B826C0077B649 /* UIImage+WebP.h */,
				177248DC1E9B826C0077B649 /* UIImage+WebP.m */,
				177248DD1E9B826C0077B649 /* UIImageView+HighlightedWebCache.h */,
				177248DE1E9B826C0077B649 /* UIImageView+HighlightedWebCache.m */,
				177248DF1E9B826C0077B649 /* UIImageView+WebCache.h */,
				177248E01E9B826C0077B649 /* UIImageView+WebCache.m */,
				177248E11E9B826C0077B649 /* UIView+WebCacheOperation.h */,
				177248E21E9B826C0077B649 /* UIView+WebCacheOperation.m */,
			);
			path = SDWebImage;
			sourceTree = "<group>";
		};
		177446641E9C63780079E5EE /* MKModel */ = {
			isa = PBXGroup;
			children = (
				177446651E9C63D40079E5EE /* XMLSerializer.h */,
				177446661E9C63D40079E5EE /* XMLSerializer.m */,
				177446681E9C64960079E5EE /* XMLRootModel.h */,
				177446691E9C64960079E5EE /* XMLRootModel.m */,
				1774466B1E9C66D70079E5EE /* JSONSerializer.h */,
				1774466C1E9C66D70079E5EE /* JSONSerializer.m */,
				1774466E1E9C670D0079E5EE /* JSONRootModel.h */,
				1774466F1E9C670D0079E5EE /* JSONRootModel.m */,
			);
			path = MKModel;
			sourceTree = "<group>";
		};
		178E92601E7A737800B0B61D = {
			isa = PBXGroup;
			children = (
				178E926B1E7A737800B0B61D /* MKCode */,
				178E926A1E7A737800B0B61D /* Products */,
			);
			sourceTree = "<group>";
		};
		178E926A1E7A737800B0B61D /* Products */ = {
			isa = PBXGroup;
			children = (
				178E92691E7A737800B0B61D /* MKCode.app */,
			);
			name = Products;
			sourceTree = "<group>";
		};
		178E926B1E7A737800B0B61D /* MKCode */ = {
			isa = PBXGroup;
			children = (
				171B612C1E978CFA00F7A6CE /* Custom */,
				171B60AB1E97866500F7A6CE /* third_party */,
				17698F171E97270C002C273B /* favor@3x.png */,
				17799ABB1E81117B001F8D77 /* SignInViewController.h */,
				17799ABC1E81117B001F8D77 /* SignInViewController.m */,
				178E926F1E7A737800B0B61D /* AppDelegate.h */,
				178E92701E7A737800B0B61D /* AppDelegate.m */,
				178E92721E7A737800B0B61D /* ViewController.h */,
				178E92731E7A737800B0B61D /* ViewController.m */,
				171B60521E9765BF00F7A6CE /* AFNetworingManager.h */,
				171B60531E9765BF00F7A6CE /* AFNetworingManager.m */,
				178E92751E7A737800B0B61D /* Main.storyboard */,
				178E92781E7A737800B0B61D /* Assets.xcassets */,
				178E927A1E7A737800B0B61D /* LaunchScreen.storyboard */,
				178E927D1E7A737800B0B61D /* Info.plist */,
				178E926C1E7A737800B0B61D /* Supporting Files */,
			);
			path = MKCode;
			sourceTree = "<group>";
		};
		178E926C1E7A737800B0B61D /* Supporting Files */ = {
			isa = PBXGroup;
			children = (
				178E926D1E7A737800B0B61D /* main.m */,
			);
			name = "Supporting Files";
			sourceTree = "<group>";
		};
/* End PBXGroup section */

/* Begin PBXNativeTarget section */
		178E92681E7A737800B0B61D /* MKCode */ = {
			isa = PBXNativeTarget;
			buildConfigurationList = 178E92801E7A737800B0B61D /* Build configuration list for PBXNativeTarget "MKCode" */;
			buildPhases = (
				178E92651E7A737800B0B61D /* Sources */,
				178E92661E7A737800B0B61D /* Frameworks */,
				178E92671E7A737800B0B61D /* Resources */,
			);
			buildRules = (
			);
			dependencies = (
			);
			name = MKCode;
			productName = MKCode;
			productReference = 178E92691E7A737800B0B61D /* MKCode.app */;
			productType = "com.apple.product-type.application";
		};
/* End PBXNativeTarget section */

/* Begin PBXProject section */
		178E92611E7A737800B0B61D /* Project object */ = {
			isa = PBXProject;
			attributes = {
				LastUpgradeCheck = 0820;
				ORGANIZATIONNAME = Mark;
				TargetAttributes = {
					178E92681E7A737800B0B61D = {
						CreatedOnToolsVersion = 8.2;
						ProvisioningStyle = Automatic;
					};
				};
			};
			buildConfigurationList = 178E92641E7A737800B0B61D /* Build configuration list for PBXProject "MKCode" */;
			compatibilityVersion = "Xcode 3.2";
			developmentRegion = English;
			hasScannedForEncodings = 0;
			knownRegions = (
				en,
				Base,
			);
			mainGroup = 178E92601E7A737800B0B61D;
			productRefGroup = 178E926A1E7A737800B0B61D /* Products */;
			projectDirPath = "";
			projectRoot = "";
			targets = (
				178E92681E7A737800B0B61D /* MKCode */,
			);
		};
/* End PBXProject section */

/* Begin PBXResourcesBuildPhase section */
		178E92671E7A737800B0B61D /* Resources */ = {
			isa = PBXResourcesBuildPhase;
			buildActionMask = 2147483647;
			files = (
				17698F181E97270C002C273B /* favor@3x.png in Resources */,
				178E927C1E7A737800B0B61D /* LaunchScreen.storyboard in Resources */,
				178E92791E7A737800B0B61D /* Assets.xcassets in Resources */,
				171B61061E97866500F7A6CE /* Info.plist in Resources */,
				178E92771E7A737800B0B61D /* Main.storyboard in Resources */,
			);
			runOnlyForDeploymentPostprocessing = 0;
		};
/* End PBXResourcesBuildPhase section */

/* Begin PBXSourcesBuildPhase section */
		178E92651E7A737800B0B61D /* Sources */ = {
			isa = PBXSourcesBuildPhase;
			buildActionMask = 2147483647;
			files = (
				177248F01E9B826C0077B649 /* UIImageView+HighlightedWebCache.m in Sources */,
				177248ED1E9B826C0077B649 /* UIImage+GIF.m in Sources */,
				171B61231E97867800F7A6CE /* MASConstraint.m in Sources */,
				177248E51E9B826C0077B649 /* SDImageCache.m in Sources */,
				177248E81E9B826C0077B649 /* SDWebImageDownloader.m in Sources */,
				171B60F91E97866500F7A6CE /* UIImageView+AFNetworking.m in Sources */,
				177248EE1E9B826C0077B649 /* UIImage+MultiFormat.m in Sources */,
				171B60FB1E97866500F7A6CE /* UIRefreshControl+AFNetworking.m in Sources */,
				171B60EE1E97866500F7A6CE /* AFHTTPSessionManager.m in Sources */,
				171B61221E97867800F7A6CE /* MASCompositeConstraint.m in Sources */,
				171B60EF1E97866500F7A6CE /* AFNetworkReachabilityManager.m in Sources */,
				171B61281E97867800F7A6CE /* NSArray+MASAdditions.m in Sources */,
				171B61721E9791B000F7A6CE /* Networking.m in Sources */,
				177446671E9C63D40079E5EE /* XMLSerializer.m in Sources */,
				171B60FC1E97866500F7A6CE /* UIWebView+AFNetworking.m in Sources */,
				171B612A1E97867800F7A6CE /* View+MASAdditions.m in Sources */,
				171B60F51E97866500F7A6CE /* AFImageDownloader.m in Sources */,
				171B61241E97867800F7A6CE /* MASConstraintMaker.m in Sources */,
				177248E91E9B826C0077B649 /* SDWebImageDownloaderOperation.m in Sources */,
				171B61381E978CFA00F7A6CE /* SearchHistoryManager.m in Sources */,
				177248E41E9B826C0077B649 /* NSData+ImageContentType.m in Sources */,
				177248EB1E9B826C0077B649 /* SDWebImagePrefetcher.m in Sources */,
				171B61031E97866500F7A6CE /* ReachStateUnReachable.m in Sources */,
				171B61291E97867800F7A6CE /* NSLayoutConstraint+MASDebugAdditions.m in Sources */,
				171B61041E97866500F7A6CE /* ReachStateWIFI.m in Sources */,
				17799ABD1E81117B001F8D77 /* SignInViewController.m in Sources */,
				177248EC1E9B826C0077B649 /* UIButton+WebCache.m in Sources */,
				177248F21E9B826C0077B649 /* UIView+WebCacheOperation.m in Sources */,
				171B61251E97867800F7A6CE /* MASLayoutConstraint.m in Sources */,
				171B60F71E97866500F7A6CE /* UIActivityIndicatorView+AFNetworking.m in Sources */,
				171B61661E97917600F7A6CE /* AbsNetworking.m in Sources */,
				171B61011E97866500F7A6CE /* ReachStateLoading.m in Sources */,
				171B61021E97866500F7A6CE /* ReachStateUnloaded.m in Sources */,
				171B60FF1E97866500F7A6CE /* FSMStateUtil.m in Sources */,
				177248F11E9B826C0077B649 /* UIImageView+WebCache.m in Sources */,
				171B61361E978CFA00F7A6CE /* MKButton.m in Sources */,
				171B616A1E97917600F7A6CE /* RequestBodyType.m in Sources */,
				177248E61E9B826C0077B649 /* SDWebImageCompat.m in Sources */,
				177248E31E9B826C0077B649 /* MKAnnotationView+WebCache.m in Sources */,
				171B60F41E97866500F7A6CE /* AFAutoPurgingImageCache.m in Sources */,
				171B60F61E97866500F7A6CE /* AFNetworkActivityIndicatorManager.m in Sources */,
				171B61671E97917600F7A6CE /* AbsNetworkingIndicator.m in Sources */,
				171B60FA1E97866500F7A6CE /* UIProgressView+AFNetworking.m in Sources */,
				171B60541E9765BF00F7A6CE /* AFNetworingManager.m in Sources */,
				171B61051E97866500F7A6CE /* ReachStateWWAN.m in Sources */,
				171B61691E97917600F7A6CE /* AbsResponseDataSerializer.m in Sources */,
				171B60F81E97866500F7A6CE /* UIButton+AFNetworking.m in Sources */,
				171B616C1E97917600F7A6CE /* ResponseDataType.m in Sources */,
				171B60F11E97866500F7A6CE /* AFURLRequestSerialization.m in Sources */,
				1774466D1E9C66D70079E5EE /* JSONSerializer.m in Sources */,
				171B61731E9791B000F7A6CE /* NetworkingIndicator.m in Sources */,
				171B61091E97866500F7A6CE /* RealReachability.m in Sources */,
				171B61261E97867800F7A6CE /* MASViewAttribute.m in Sources */,
				171B60F01E97866500F7A6CE /* AFSecurityPolicy.m in Sources */,
				171B61371E978CFA00F7A6CE /* HXSearchBar.m in Sources */,
				177248C01E9B82650077B649 /* XMLDictionary.m in Sources */,
				171B60F31E97866500F7A6CE /* AFURLSessionManager.m in Sources */,
				171B61681E97917600F7A6CE /* AbsRequestParameterSerializer.m in Sources */,
				1774466A1E9C64960079E5EE /* XMLRootModel.m in Sources */,
				171B613C1E978D2300F7A6CE /* MKCode.m in Sources */,
				171B61081E97866500F7A6CE /* PingHelper.m in Sources */,
				178E92741E7A737800B0B61D /* ViewController.m in Sources */,
				178E92711E7A737800B0B61D /* AppDelegate.m in Sources */,
				171B61071E97866500F7A6CE /* PingFoundation.m in Sources */,
				177248E71E9B826C0077B649 /* SDWebImageDecoder.m in Sources */,
				177248EF1E9B826C0077B649 /* UIImage+WebP.m in Sources */,
				171B61001E97866500F7A6CE /* ReachState.m in Sources */,
				171B60FD1E97866500F7A6CE /* LocalConnection.m in Sources */,
				177248EA1E9B826C0077B649 /* SDWebImageManager.m in Sources */,
				177446701E9C670D0079E5EE /* JSONRootModel.m in Sources */,
				178E926E1E7A737800B0B61D /* main.m in Sources */,
				171B61271E97867800F7A6CE /* MASViewConstraint.m in Sources */,
				171B616B1E97917600F7A6CE /* RequestMethodType.m in Sources */,
				171B60F21E97866500F7A6CE /* AFURLResponseSerialization.m in Sources */,
				171B60FE1E97866500F7A6CE /* FSMEngine.m in Sources */,
			);
			runOnlyForDeploymentPostprocessing = 0;
		};
/* End PBXSourcesBuildPhase section */

/* Begin PBXVariantGroup section */
		178E92751E7A737800B0B61D /* Main.storyboard */ = {
			isa = PBXVariantGroup;
			children = (
				178E92761E7A737800B0B61D /* Base */,
			);
			name = Main.storyboard;
			sourceTree = "<group>";
		};
		178E927A1E7A737800B0B61D /* LaunchScreen.storyboard */ = {
			isa = PBXVariantGroup;
			children = (
				178E927B1E7A737800B0B61D /* Base */,
			);
			name = LaunchScreen.storyboard;
			sourceTree = "<group>";
		};
/* End PBXVariantGroup section */

/* Begin XCBuildConfiguration section */
		178E927E1E7A737800B0B61D /* Debug */ = {
			isa = XCBuildConfiguration;
			buildSettings = {
				ALWAYS_SEARCH_USER_PATHS = NO;
				CLANG_ANALYZER_NONNULL = YES;
				CLANG_CXX_LANGUAGE_STANDARD = "gnu++0x";
				CLANG_CXX_LIBRARY = "libc++";
				CLANG_ENABLE_MODULES = YES;
				CLANG_ENABLE_OBJC_ARC = YES;
				CLANG_WARN_BOOL_CONVERSION = YES;
				CLANG_WARN_CONSTANT_CONVERSION = YES;
				CLANG_WARN_DIRECT_OBJC_ISA_USAGE = YES_ERROR;
				CLANG_WARN_DOCUMENTATION_COMMENTS = YES;
				CLANG_WARN_EMPTY_BODY = YES;
				CLANG_WARN_ENUM_CONVERSION = YES;
				CLANG_WARN_INFINITE_RECURSION = YES;
				CLANG_WARN_INT_CONVERSION = YES;
				CLANG_WARN_OBJC_ROOT_CLASS = YES_ERROR;
				CLANG_WARN_SUSPICIOUS_MOVE = YES;
				CLANG_WARN_UNREACHABLE_CODE = YES;
				CLANG_WARN__DUPLICATE_METHOD_MATCH = YES;
				"CODE_SIGN_IDENTITY[sdk=iphoneos*]" = "iPhone Developer";
				COPY_PHASE_STRIP = NO;
				DEBUG_INFORMATION_FORMAT = dwarf;
				ENABLE_STRICT_OBJC_MSGSEND = YES;
				ENABLE_TESTABILITY = YES;
				GCC_C_LANGUAGE_STANDARD = gnu99;
				GCC_DYNAMIC_NO_PIC = NO;
				GCC_NO_COMMON_BLOCKS = YES;
				GCC_OPTIMIZATION_LEVEL = 0;
				GCC_PREPROCESSOR_DEFINITIONS = (
					"DEBUG=1",
					"$(inherited)",
				);
				GCC_WARN_64_TO_32_BIT_CONVERSION = YES;
				GCC_WARN_ABOUT_RETURN_TYPE = YES_ERROR;
				GCC_WARN_UNDECLARED_SELECTOR = YES;
				GCC_WARN_UNINITIALIZED_AUTOS = YES_AGGRESSIVE;
				GCC_WARN_UNUSED_FUNCTION = YES;
				GCC_WARN_UNUSED_VARIABLE = YES;
				IPHONEOS_DEPLOYMENT_TARGET = 10.2;
				MTL_ENABLE_DEBUG_INFO = YES;
				ONLY_ACTIVE_ARCH = YES;
				SDKROOT = iphoneos;
			};
			name = Debug;
		};
		178E927F1E7A737800B0B61D /* Release */ = {
			isa = XCBuildConfiguration;
			buildSettings = {
				ALWAYS_SEARCH_USER_PATHS = NO;
				CLANG_ANALYZER_NONNULL = YES;
				CLANG_CXX_LANGUAGE_STANDARD = "gnu++0x";
				CLANG_CXX_LIBRARY = "libc++";
				CLANG_ENABLE_MODULES = YES;
				CLANG_ENABLE_OBJC_ARC = YES;
				CLANG_WARN_BOOL_CONVERSION = YES;
				CLANG_WARN_CONSTANT_CONVERSION = YES;
				CLANG_WARN_DIRECT_OBJC_ISA_USAGE = YES_ERROR;
				CLANG_WARN_DOCUMENTATION_COMMENTS = YES;
				CLANG_WARN_EMPTY_BODY = YES;
				CLANG_WARN_ENUM_CONVERSION = YES;
				CLANG_WARN_INFINITE_RECURSION = YES;
				CLANG_WARN_INT_CONVERSION = YES;
				CLANG_WARN_OBJC_ROOT_CLASS = YES_ERROR;
				CLANG_WARN_SUSPICIOUS_MOVE = YES;
				CLANG_WARN_UNREACHABLE_CODE = YES;
				CLANG_WARN__DUPLICATE_METHOD_MATCH = YES;
				"CODE_SIGN_IDENTITY[sdk=iphoneos*]" = "iPhone Developer";
				COPY_PHASE_STRIP = NO;
				DEBUG_INFORMATION_FORMAT = "dwarf-with-dsym";
				ENABLE_NS_ASSERTIONS = NO;
				ENABLE_STRICT_OBJC_MSGSEND = YES;
				GCC_C_LANGUAGE_STANDARD = gnu99;
				GCC_NO_COMMON_BLOCKS = YES;
				GCC_WARN_64_TO_32_BIT_CONVERSION = YES;
				GCC_WARN_ABOUT_RETURN_TYPE = YES_ERROR;
				GCC_WARN_UNDECLARED_SELECTOR = YES;
				GCC_WARN_UNINITIALIZED_AUTOS = YES_AGGRESSIVE;
				GCC_WARN_UNUSED_FUNCTION = YES;
				GCC_WARN_UNUSED_VARIABLE = YES;
				IPHONEOS_DEPLOYMENT_TARGET = 10.2;
				MTL_ENABLE_DEBUG_INFO = NO;
				SDKROOT = iphoneos;
				VALIDATE_PRODUCT = YES;
			};
			name = Release;
		};
		178E92811E7A737800B0B61D /* Debug */ = {
			isa = XCBuildConfiguration;
			buildSettings = {
				ASSETCATALOG_COMPILER_APPICON_NAME = AppIcon;
				INFOPLIST_FILE = MKCode/Info.plist;
				LD_RUNPATH_SEARCH_PATHS = "$(inherited) @executable_path/Frameworks";
				PRODUCT_BUNDLE_IDENTIFIER = com.qq.MKCode;
				PRODUCT_NAME = "$(TARGET_NAME)";
			};
			name = Debug;
		};
		178E92821E7A737800B0B61D /* Release */ = {
			isa = XCBuildConfiguration;
			buildSettings = {
				ASSETCATALOG_COMPILER_APPICON_NAME = AppIcon;
				INFOPLIST_FILE = MKCode/Info.plist;
				LD_RUNPATH_SEARCH_PATHS = "$(inherited) @executable_path/Frameworks";
				PRODUCT_BUNDLE_IDENTIFIER = com.qq.MKCode;
				PRODUCT_NAME = "$(TARGET_NAME)";
			};
			name = Release;
		};
/* End XCBuildConfiguration section */

/* Begin XCConfigurationList section */
		178E92641E7A737800B0B61D /* Build configuration list for PBXProject "MKCode" */ = {
			isa = XCConfigurationList;
			buildConfigurations = (
				178E927E1E7A737800B0B61D /* Debug */,
				178E927F1E7A737800B0B61D /* Release */,
			);
			defaultConfigurationIsVisible = 0;
			defaultConfigurationName = Release;
		};
		178E92801E7A737800B0B61D /* Build configuration list for PBXNativeTarget "MKCode" */ = {
			isa = XCConfigurationList;
			buildConfigurations = (
				178E92811E7A737800B0B61D /* Debug */,
				178E92821E7A737800B0B61D /* Release */,
			);
			defaultConfigurationIsVisible = 0;
			defaultConfigurationName = Release;
		};
/* End XCConfigurationList section */
	};
	rootObject = 178E92611E7A737800B0B61D /* Project object */;
}
